
Microsoft Visual Studio Solution File, Format Version 12.00
# Visual Studio Version 17
VisualStudioVersion = 17.7.34202.233
MinimumVisualStudioVersion = 10.0.40219.1
Project("{FAE04EC0-301F-11D3-BF4B-00C04F79EFBC}") = "FirstWebApplication", "FirstWebApplication\FirstWebApplication.csproj", "{4595BCEE-E2D0-4A7E-9FDF-AB20C9FD480C}"
EndProject
Global
	GlobalSection(SolutionConfigurationPlatforms) = preSolution
		Debug|Any CPU = Debug|Any CPU
		Release|Any CPU = Release|Any CPU
	EndGlobalSection
	GlobalSection(ProjectConfigurationPlatforms) = postSolution
		{4595BCEE-E2D0-4A7E-9FDF-AB20C9FD480C}.Debug|Any CPU.ActiveCfg = Debug|Any CPU
		{4595BCEE-E2D0-4A7E-9FDF-AB20C9FD480C}.Debug|Any CPU.Build.0 = Debug|Any CPU
		{4595BCEE-E2D0-4A7E-9FDF-AB20C9FD480C}.Release|Any CPU.ActiveCfg = Release|Any CPU
		{4595BCEE-E2D0-4A7E-9FDF-AB20C9FD480C}.Release|Any CPU.Build.0 = Release|Any CPU
	EndGlobalSection
	GlobalSection(SolutionProperties) = preSolution
		HideSolutionNode = FALSE
	EndGlobalSection
	GlobalSection(ExtensibilityGlobals) = postSolution
		SolutionGuid = {498BA1A8-A294-4714-8162-610679A2B57D}
	EndGlobalSection
EndGlobal
